// !$*UTF8*$!
{
	archiveVersion = 1;
	classes = {
	};
	objectVersion = 46;
	objects = {

/* Begin PBXBuildFile section */
		7E72B3161A8461EA0002E965 /* TestModel.m in Sources */ = {isa = PBXBuildFile; fileRef = 7E72B3151A8461EA0002E965 /* TestModel.m */; };
		7E954B7119F7665D000DB135 /* main.m in Sources */ = {isa = PBXBuildFile; fileRef = 7E954B7019F7665D000DB135 /* main.m */; };
		7E954B7419F7665D000DB135 /* AppDelegate.m in Sources */ = {isa = PBXBuildFile; fileRef = 7E954B7319F7665D000DB135 /* AppDelegate.m */; };
		7E954B7719F7665D000DB135 /* ViewController.m in Sources */ = {isa = PBXBuildFile; fileRef = 7E954B7619F7665D000DB135 /* ViewController.m */; };
		7E954B7A19F7665D000DB135 /* Main.storyboard in Resources */ = {isa = PBXBuildFile; fileRef = 7E954B7819F7665D000DB135 /* Main.storyboard */; };
		7E954B7C19F7665D000DB135 /* Images.xcassets in Resources */ = {isa = PBXBuildFile; fileRef = 7E954B7B19F7665D000DB135 /* Images.xcassets */; };
		7E954B7F19F7665D000DB135 /* LaunchScreen.xib in Resources */ = {isa = PBXBuildFile; fileRef = 7E954B7D19F7665D000DB135 /* LaunchScreen.xib */; };
		7E954B8B19F7665D000DB135 /* EasyModelTests.m in Sources */ = {isa = PBXBuildFile; fileRef = 7E954B8A19F7665D000DB135 /* EasyModelTests.m */; };
		7ECF6CA519F777310061F621 /* AIProperty.m in Sources */ = {isa = PBXBuildFile; fileRef = 7ECF6CA219F777310061F621 /* AIProperty.m */; };
		7ECF6CA619F777310061F621 /* BaseModel.m in Sources */ = {isa = PBXBuildFile; fileRef = 7ECF6CA419F777310061F621 /* BaseModel.m */; };
/* End PBXBuildFile section */

/* Begin PBXContainerItemProxy section */
		7E954B8519F7665D000DB135 /* PBXContainerItemProxy */ = {
			isa = PBXContainerItemProxy;
			containerPortal = 7E954B6319F7665D000DB135 /* Project object */;
			proxyType = 1;
			remoteGlobalIDString = 7E954B6A19F7665D000DB135;
			remoteInfo = EasyModel;
		};
/* End PBXContainerItemProxy section */

/* Begin PBXFileReference section */
		7E72B3141A8461EA0002E965 /* TestModel.h */ = {isa = PBXFileReference; fileEncoding = 4; lastKnownFileType = sourcecode.c.h; path = TestModel.h; sourceTree = "<group>"; };
		7E72B3151A8461EA0002E965 /* TestModel.m */ = {isa = PBXFileReference; fileEncoding = 4; lastKnownFileType = sourcecode.c.objc; path = TestModel.m; sourceTree = "<group>"; };
		7E954B6B19F7665D000DB135 /* EasyModel.app */ = {isa = PBXFileReference; explicitFileType = wrapper.application; includeInIndex = 0; path = EasyModel.app; sourceTree = BUILT_PRODUCTS_DIR; };
		7E954B6F19F7665D000DB135 /* Info.plist */ = {isa = PBXFileReference; lastKnownFileType = text.plist.xml; path = Info.plist; sourceTree = "<group>"; };
		7E954B7019F7665D000DB135 /* main.m */ = {isa = PBXFileReference; lastKnownFileType = sourcecode.c.objc; path = main.m; sourceTree = "<group>"; };
		7E954B7219F7665D000DB135 /* AppDelegate.h */ = {isa = PBXFileReference; lastKnownFileType = sourcecode.c.h; path = AppDelegate.h; sourceTree = "<group>"; };
		7E954B7319F7665D000DB135 /* AppDelegate.m */ = {isa = PBXFileReference; lastKnownFileType = sourcecode.c.objc; path = AppDelegate.m; sourceTree = "<group>"; };
		7E954B7519F7665D000DB135 /* ViewController.h */ = {isa = PBXFileReference; lastKnownFileType = sourcecode.c.h; path = ViewController.h; sourceTree = "<group>"; };
		7E954B7619F7665D000DB135 /* ViewController.m */ = {isa = PBXFileReference; lastKnownFileType = sourcecode.c.objc; path = ViewController.m; sourceTree = "<group>"; };
		7E954B7919F7665D000DB135 /* Base */ = {isa = PBXFileReference; lastKnownFileType = file.storyboard; name = Base; path = Base.lproj/Main.storyboard; sourceTree = "<group>"; };
		7E954B7B19F7665D000DB135 /* Images.xcassets */ = {isa = PBXFileReference; lastKnownFileType = folder.assetcatalog; path = Images.xcassets; sourceTree = "<group>"; };
		7E954B7E19F7665D000DB135 /* Base */ = {isa = PBXFileReference; lastKnownFileType = file.xib; name = Base; path = Base.lproj/LaunchScreen.xib; sourceTree = "<group>"; };
		7E954B8419F7665D000DB135 /* EasyModelTests.xctest */ = {isa = PBXFileReference; explicitFileType = wrapper.cfbundle; includeInIndex = 0; path = EasyModelTests.xctest; sourceTree = BUILT_PRODUCTS_DIR; };
		7E954B8919F7665D000DB135 /* Info.plist */ = {isa = PBXFileReference; lastKnownFileType = text.plist.xml; path = Info.plist; sourceTree = "<group>"; };
		7E954B8A19F7665D000DB135 /* EasyModelTests.m */ = {isa = PBXFileReference; lastKnownFileType = sourcecode.c.objc; path = EasyModelTests.m; sourceTree = "<group>"; };
		7ECF6CA119F777310061F621 /* AIProperty.h */ = {isa = PBXFileReference; fileEncoding = 4; lastKnownFileType = sourcecode.c.h; path = AIProperty.h; sourceTree = "<group>"; };
		7ECF6CA219F777310061F621 /* AIProperty.m */ = {isa = PBXFileReference; fileEncoding = 4; lastKnownFileType = sourcecode.c.objc; path = AIProperty.m; sourceTree = "<group>"; };
		7ECF6CA319F777310061F621 /* BaseModel.h */ = {isa = PBXFileReference; fileEncoding = 4; lastKnownFileType = sourcecode.c.h; path = BaseModel.h; sourceTree = "<group>"; };
		7ECF6CA419F777310061F621 /* BaseModel.m */ = {isa = PBXFileReference; fileEncoding = 4; lastKnownFileType = sourcecode.c.objc; path = BaseModel.m; sourceTree = "<group>"; };
/* End PBXFileReference section */

/* Begin PBXFrameworksBuildPhase section */
		7E954B6819F7665D000DB135 /* Frameworks */ = {
			isa = PBXFrameworksBuildPhase;
			buildActionMask = 2147483647;
			files = (
			);
			runOnlyForDeploymentPostprocessing = 0;
		};
		7E954B8119F7665D000DB135 /* Frameworks */ = {
			isa = PBXFrameworksBuildPhase;
			buildActionMask = 2147483647;
			files = (
			);
			runOnlyForDeploymentPostprocessing = 0;
		};
/* End PBXFrameworksBuildPhase section */

/* Begin PBXGroup section */
		7E954B6219F7665D000DB135 = {
			isa = PBXGroup;
			children = (
				7E954B6D19F7665D000DB135 /* EasyModel */,
				7E954B8719F7665D000DB135 /* EasyModelTests */,
				7E954B6C19F7665D000DB135 /* Products */,
			);
			sourceTree = "<group>";
		};
		7E954B6C19F7665D000DB135 /* Products */ = {
			isa = PBXGroup;
			children = (
				7E954B6B19F7665D000DB135 /* EasyModel.app */,
				7E954B8419F7665D000DB135 /* EasyModelTests.xctest */,
			);
			name = Products;
			sourceTree = "<group>";
		};
		7E954B6D19F7665D000DB135 /* EasyModel */ = {
			isa = PBXGroup;
			children = (
				7ECF6CA019F777310061F621 /* EasyModel */,
				7E954B7219F7665D000DB135 /* AppDelegate.h */,
				7E954B7319F7665D000DB135 /* AppDelegate.m */,
				7E954B7519F7665D000DB135 /* ViewController.h */,
				7E954B7619F7665D000DB135 /* ViewController.m */,
				7E954B7819F7665D000DB135 /* Main.storyboard */,
				7E954B7B19F7665D000DB135 /* Images.xcassets */,
				7E954B7D19F7665D000DB135 /* LaunchScreen.xib */,
				7E954B6E19F7665D000DB135 /* Supporting Files */,
			);
			path = EasyModel;
			sourceTree = "<group>";
		};
		7E954B6E19F7665D000DB135 /* Supporting Files */ = {
			isa = PBXGroup;
			children = (
				7E954B6F19F7665D000DB135 /* Info.plist */,
				7E954B7019F7665D000DB135 /* main.m */,
			);
			name = "Supporting Files";
			sourceTree = "<group>";
		};
		7E954B8719F7665D000DB135 /* EasyModelTests */ = {
			isa = PBXGroup;
			children = (
				7E954B8A19F7665D000DB135 /* EasyModelTests.m */,
				7E72B3141A8461EA0002E965 /* TestModel.h */,
				7E72B3151A8461EA0002E965 /* TestModel.m */,
				7E954B8819F7665D000DB135 /* Supporting Files */,
			);
			path = EasyModelTests;
			sourceTree = "<group>";
		};
		7E954B8819F7665D000DB135 /* Supporting Files */ = {
			isa = PBXGroup;
			children = (
				7E954B8919F7665D000DB135 /* Info.plist */,
			);
			name = "Supporting Files";
			sourceTree = "<group>";
		};
		7ECF6CA019F777310061F621 /* EasyModel */ = {
			isa = PBXGroup;
			children = (
				7ECF6CA119F777310061F621 /* AIProperty.h */,
				7ECF6CA219F777310061F621 /* AIProperty.m */,
				7ECF6CA319F777310061F621 /* BaseModel.h */,
				7ECF6CA419F777310061F621 /* BaseModel.m */,
			);
			path = EasyModel;
			sourceTree = "<group>";
		};
/* End PBXGroup section */

/* Begin PBXNativeTarget section */
		7E954B6A19F7665D000DB135 /* EasyModel */ = {
			isa = PBXNativeTarget;
			buildConfigurationList = 7E954B8E19F7665D000DB135 /* Build configuration list for PBXNativeTarget "EasyModel" */;
			buildPhases = (
				7E954B6719F7665D000DB135 /* Sources */,
				7E954B6819F7665D000DB135 /* Frameworks */,
				7E954B6919F7665D000DB135 /* Resources */,
			);
			buildRules = (
			);
			dependencies = (
			);
			name = EasyModel;
			productName = EasyModel;
			productReference = 7E954B6B19F7665D000DB135 /* EasyModel.app */;
			productType = "com.apple.product-type.application";
		};
		7E954B8319F7665D000DB135 /* EasyModelTests */ = {
			isa = PBXNativeTarget;
			buildConfigurationList = 7E954B9119F7665D000DB135 /* Build configuration list for PBXNativeTarget "EasyModelTests" */;
			buildPhases = (
				7E954B8019F7665D000DB135 /* Sources */,
				7E954B8119F7665D000DB135 /* Frameworks */,
				7E954B8219F7665D000DB135 /* Resources */,
			);
			buildRules = (
			);
			dependencies = (
				7E954B8619F7665D000DB135 /* PBXTargetDependency */,
			);
			name = EasyModelTests;
			productName = EasyModelTests;
			productReference = 7E954B8419F7665D000DB135 /* EasyModelTests.xctest */;
			productType = "com.apple.product-type.bundle.unit-test";
		};
/* End PBXNativeTarget section */

/* Begin PBXProject section */
		7E954B6319F7665D000DB135 /* Project object */ = {
			isa = PBXProject;
			attributes = {
				LastUpgradeCheck = 0600;
				ORGANIZATIONNAME = ileo;
				TargetAttributes = {
					7E954B6A19F7665D000DB135 = {
						CreatedOnToolsVersion = 6.0.1;
					};
					7E954B8319F7665D000DB135 = {
						CreatedOnToolsVersion = 6.0.1;
						TestTargetID = 7E954B6A19F7665D000DB135;
					};
				};
			};
			buildConfigurationList = 7E954B6619F7665D000DB135 /* Build configuration list for PBXProject "EasyModel" */;
			compatibilityVersion = "Xcode 3.2";
			developmentRegion = English;
			hasScannedForEncodings = 0;
			knownRegions = (
				en,
				Base,
			);
			mainGroup = 7E954B6219F7665D000DB135;
			productRefGroup = 7E954B6C19F7665D000DB135 /* Products */;
			projectDirPath = "";
			projectRoot = "";
			targets = (
				7E954B6A19F7665D000DB135 /* EasyModel */,
				7E954B8319F7665D000DB135 /* EasyModelTests */,
			);
		};
/* End PBXProject section */

/* Begin PBXResourcesBuildPhase section */
		7E954B6919F7665D000DB135 /* Resources */ = {
			isa = PBXResourcesBuildPhase;
			buildActionMask = 2147483647;
			files = (
				7E954B7A19F7665D000DB135 /* Main.storyboard in Resources */,
				7E954B7F19F7665D000DB135 /* LaunchScreen.xib in Resources */,
				7E954B7C19F7665D000DB135 /* Images.xcassets in Resources */,
			);
			runOnlyForDeploymentPostprocessing = 0;
		};
		7E954B8219F7665D000DB135 /* Resources */ = {
			isa = PBXResourcesBuildPhase;
			buildActionMask = 2147483647;
			files = (
			);
			runOnlyForDeploymentPostprocessing = 0;
		};
/* End PBXResourcesBuildPhase section */

/* Begin PBXSourcesBuildPhase section */
		7E954B6719F7665D000DB135 /* Sources */ = {
			isa = PBXSourcesBuildPhase;
			buildActionMask = 2147483647;
			files = (
				7E954B7719F7665D000DB135 /* ViewController.m in Sources */,
				7E954B7419F7665D000DB135 /* AppDelegate.m in Sources */,
				7ECF6CA519F777310061F621 /* AIProperty.m in Sources */,
				7ECF6CA619F777310061F621 /* BaseModel.m in Sources */,
				7E954B7119F7665D000DB135 /* main.m in Sources */,
			);
			runOnlyForDeploymentPostprocessing = 0;
		};
		7E954B8019F7665D000DB135 /* Sources */ = {
			isa = PBXSourcesBuildPhase;
			buildActionMask = 2147483647;
			files = (
				7E954B8B19F7665D000DB135 /* EasyModelTests.m in Sources */,
				7E72B3161A8461EA0002E965 /* TestModel.m in Sources */,
			);
			runOnlyForDeploymentPostprocessing = 0;
		};
/* End PBXSourcesBuildPhase section */

/* Begin PBXTargetDependency section */
		7E954B8619F7665D000DB135 /* PBXTargetDependency */ = {
			isa = PBXTargetDependency;
			target = 7E954B6A19F7665D000DB135 /* EasyModel */;
			targetProxy = 7E954B8519F7665D000DB135 /* PBXContainerItemProxy */;
		};
/* End PBXTargetDependency section */

/* Begin PBXVariantGroup section */
		7E954B7819F7665D000DB135 /* Main.storyboard */ = {
			isa = PBXVariantGroup;
			children = (
				7E954B7919F7665D000DB135 /* Base */,
			);
			name = Main.storyboard;
			sourceTree = "<group>";
		};
		7E954B7D19F7665D000DB135 /* LaunchScreen.xib */ = {
			isa = PBXVariantGroup;
			children = (
				7E954B7E19F7665D000DB135 /* Base */,
			);
			name = LaunchScreen.xib;
			sourceTree = "<group>";
		};
/* End PBXVariantGroup section */

/* Begin XCBuildConfiguration section */
		7E954B8C19F7665D000DB135 /* Debug */ = {
			isa = XCBuildConfiguration;
			buildSettings = {
				ALWAYS_SEARCH_USER_PATHS = NO;
				CLANG_CXX_LANGUAGE_STANDARD = "gnu++0x";
				CLANG_CXX_LIBRARY = "libc++";
				CLANG_ENABLE_MODULES = YES;
				CLANG_ENABLE_OBJC_ARC = YES;
				CLANG_WARN_BOOL_CONVERSION = YES;
				CLANG_WARN_CONSTANT_CONVERSION = YES;
				CLANG_WARN_DIRECT_OBJC_ISA_USAGE = YES_ERROR;
				CLANG_WARN_EMPTY_BODY = YES;
				CLANG_WARN_ENUM_CONVERSION = YES;
				CLANG_WARN_INT_CONVERSION = YES;
				CLANG_WARN_OBJC_ROOT_CLASS = YES_ERROR;
				CLANG_WARN_UNREACHABLE_CODE = YES;
				CLANG_WARN__DUPLICATE_METHOD_MATCH = YES;
				"CODE_SIGN_IDENTITY[sdk=iphoneos*]" = "iPhone Developer";
				COPY_PHASE_STRIP = NO;
				ENABLE_STRICT_OBJC_MSGSEND = YES;
				GCC_C_LANGUAGE_STANDARD = gnu99;
				GCC_DYNAMIC_NO_PIC = NO;
				GCC_OPTIMIZATION_LEVEL = 0;
				GCC_PREPROCESSOR_DEFINITIONS = (
					"DEBUG=1",
					"$(inherited)",
				);
				GCC_SYMBOLS_PRIVATE_EXTERN = NO;
				GCC_WARN_64_TO_32_BIT_CONVERSION = YES;
				GCC_WARN_ABOUT_RETURN_TYPE = YES_ERROR;
				GCC_WARN_UNDECLARED_SELECTOR = YES;
				GCC_WARN_UNINITIALIZED_AUTOS = YES_AGGRESSIVE;
				GCC_WARN_UNUSED_FUNCTION = YES;
				GCC_WARN_UNUSED_VARIABLE = YES;
				IPHONEOS_DEPLOYMENT_TARGET = 8.0;
				MTL_ENABLE_DEBUG_INFO = YES;
				ONLY_ACTIVE_ARCH = YES;
				SDKROOT = iphoneos;
				TARGETED_DEVICE_FAMILY = "1,2";
			};
			name = Debug;
		};
		7E954B8D19F7665D000DB135 /* Release */ = {
			isa = XCBuildConfiguration;
			buildSettings = {
				ALWAYS_SEARCH_USER_PATHS = NO;
				CLANG_CXX_LANGUAGE_STANDARD = "gnu++0x";
				CLANG_CXX_LIBRARY = "libc++";
				CLANG_ENABLE_MODULES = YES;
				CLANG_ENABLE_OBJC_ARC = YES;
				CLANG_WARN_BOOL_CONVERSION = YES;
				CLANG_WARN_CONSTANT_CONVERSION = YES;
				CLANG_WARN_DIRECT_OBJC_ISA_USAGE = YES_ERROR;
				CLANG_WARN_EMPTY_BODY = YES;
				CLANG_WARN_ENUM_CONVERSION = YES;
				CLANG_WARN_INT_CONVERSION = YES;
				CLANG_WARN_OBJC_ROOT_CLASS = YES_ERROR;
				CLANG_WARN_UNREACHABLE_CODE = YES;
				CLANG_WARN__DUPLICATE_METHOD_MATCH = YES;
				"CODE_SIGN_IDENTITY[sdk=iphoneos*]" = "iPhone Developer";
				COPY_PHASE_STRIP = YES;
				ENABLE_NS_ASSERTIONS = NO;
				ENABLE_STRICT_OBJC_MSGSEND = YES;
				GCC_C_LANGUAGE_STANDARD = gnu99;
				GCC_WARN_64_TO_32_BIT_CONVERSION = YES;
				GCC_WARN_ABOUT_RETURN_TYPE = YES_ERROR;
				GCC_WARN_UNDECLARED_SELECTOR = YES;
				GCC_WARN_UNINITIALIZED_AUTOS = YES_AGGRESSIVE;
				GCC_WARN_UNUSED_FUNCTION = YES;
				GCC_WARN_UNUSED_VARIABLE = YES;
				IPHONEOS_DEPLOYMENT_TARGET = 8.0;
				MTL_ENABLE_DEBUG_INFO = NO;
				SDKROOT = iphoneos;
				TARGETED_DEVICE_FAMILY = "1,2";
				VALIDATE_PRODUCT = YES;
			};
			name = Release;
		};
		7E954B8F19F7665D000DB135 /* Debug */ = {
			isa = XCBuildConfiguration;
			buildSettings = {
				ASSETCATALOG_COMPILER_APPICON_NAME = AppIcon;
				INFOPLIST_FILE = EasyModel/Info.plist;
				LD_RUNPATH_SEARCH_PATHS = "$(inherited) @executable_path/Frameworks";
				PRODUCT_NAME = "$(TARGET_NAME)";
			};
			name = Debug;
		};
		7E954B9019F7665D000DB135 /* Release */ = {
			isa = XCBuildConfiguration;
			buildSettings = {
				ASSETCATALOG_COMPILER_APPICON_NAME = AppIcon;
				INFOPLIST_FILE = EasyModel/Info.plist;
				LD_RUNPATH_SEARCH_PATHS = "$(inherited) @executable_path/Frameworks";
				PRODUCT_NAME = "$(TARGET_NAME)";
			};
			name = Release;
		};
		7E954B9219F7665D000DB135 /* Debug */ = {
			isa = XCBuildConfiguration;
			buildSettings = {
				BUNDLE_LOADER = "$(TEST_HOST)";
				FRAMEWORK_SEARCH_PATHS = (
					"$(SDKROOT)/Developer/Library/Frameworks",
					"$(inherited)",
				);
				GCC_PREPROCESSOR_DEFINITIONS = (
					"DEBUG=1",
					"$(inherited)",
				);
				INFOPLIST_FILE = EasyModelTests/Info.plist;
				LD_RUNPATH_SEARCH_PATHS = "$(inherited) @executable_path/Frameworks @loader_path/Frameworks";
				PRODUCT_NAME = "$(TARGET_NAME)";
				TEST_HOST = "$(BUILT_PRODUCTS_DIR)/EasyModel.app/EasyModel";
			};
			name = Debug;
		};
		7E954B9319F7665D000DB135 /* Release */ = {
			isa = XCBuildConfiguration;
			buildSettings = {
				BUNDLE_LOADER = "$(TEST_HOST)";
				FRAMEWORK_SEARCH_PATHS = (
					"$(SDKROOT)/Developer/Library/Frameworks",
					"$(inherited)",
				);
				INFOPLIST_FILE = EasyModelTests/Info.plist;
				LD_RUNPATH_SEARCH_PATHS = "$(inherited) @executable_path/Frameworks @loader_path/Frameworks";
				PRODUCT_NAME = "$(TARGET_NAME)";
				TEST_HOST = "$(BUILT_PRODUCTS_DIR)/EasyModel.app/EasyModel";
			};
			name = Release;
		};
/* End XCBuildConfiguration section */

/* Begin XCConfigurationList section */
		7E954B6619F7665D000DB135 /* Build configuration list for PBXProject "EasyModel" */ = {
			isa = XCConfigurationList;
			buildConfigurations = (
				7E954B8C19F7665D000DB135 /* Debug */,
				7E954B8D19F7665D000DB135 /* Release */,
			);
			defaultConfigurationIsVisible = 0;
			defaultConfigurationName = Release;
		};
		7E954B8E19F7665D000DB135 /* Build configuration list for PBXNativeTarget "EasyModel" */ = {
			isa = XCConfigurationList;
			buildConfigurations = (
				7E954B8F19F7665D000DB135 /* Debug */,
				7E954B9019F7665D000DB135 /* Release */,
			);
			defaultConfigurationIsVisible = 0;
			defaultConfigurationName = Release;
		};
		7E954B9119F7665D000DB135 /* Build configuration list for PBXNativeTarget "EasyModelTests" */ = {
			isa = XCConfigurationList;
			buildConfigurations = (
				7E954B9219F7665D000DB135 /* Debug */,
				7E954B9319F7665D000DB135 /* Release */,
			);
			defaultConfigurationIsVisible = 0;
			defaultConfigurationName = Release;
		};
/* End XCConfigurationList section */
	};
	rootObject = 7E954B6319F7665D000DB135 /* Project object */;
}
